
Microsoft Visual Studio Solution File, Format Version 12.00
# Visual Studio Version 17
VisualStudioVersion = 17.4.33213.308
MinimumVisualStudioVersion = 10.0.40219.1
Project("{9A19103F-16F7-4668-BE54-9A1E7A4F7556}") = "PhoneNumberChecker.Web.Server", "PhoneNumberChecker.Web.Server\PhoneNumberChecker.Web.Server.csproj", "{500B211B-6A6A-4EAD-8579-567CEBB417C2}"
EndProject
Project("{9A19103F-16F7-4668-BE54-9A1E7A4F7556}") = "PhoneNumberChecker.Application", "PhoneNumberChecker.Application\PhoneNumberChecker.Application.csproj", "{81C9412A-5F3B-42E8-9F79-6C00D5F6AA30}"
EndProject
Project("{9A19103F-16F7-4668-BE54-9A1E7A4F7556}") = "PhoneNumberChecker.Data.Access", "PhoneNumberChecker.Data.Access\PhoneNumberChecker.Data.Access.csproj", "{B9A377DE-AA0D-4986-B2DC-B18069B6F0A4}"
EndProject
Project("{9A19103F-16F7-4668-BE54-9A1E7A4F7556}") = "PhoneNumberChecker.Data.Entities", "PhoneNumberChecker.Data.Entities\PhoneNumberChecker.Data.Entities.csproj", "{DB997834-0B8E-4D82-B386-52B5F763596C}"
EndProject
Project("{FAE04EC0-301F-11D3-BF4B-00C04F79EFBC}") = "PhoneNumberChecker.Web.Shared", "PhoneNumberChecker.Web.Shared\PhoneNumberChecker.Web.Shared.csproj", "{9ECC788D-3C61-4815-93B9-F71EF656FE19}"
EndProject
Global
	GlobalSection(SolutionConfigurationPlatforms) = preSolution
		Debug|Any CPU = Debug|Any CPU
		Release|Any CPU = Release|Any CPU
	EndGlobalSection
	GlobalSection(ProjectConfigurationPlatforms) = postSolution
		{500B211B-6A6A-4EAD-8579-567CEBB417C2}.Debug|Any CPU.ActiveCfg = Debug|Any CPU
		{500B211B-6A6A-4EAD-8579-567CEBB417C2}.Debug|Any CPU.Build.0 = Debug|Any CPU
		{500B211B-6A6A-4EAD-8579-567CEBB417C2}.Release|Any CPU.ActiveCfg = Release|Any CPU
		{500B211B-6A6A-4EAD-8579-567CEBB417C2}.Release|Any CPU.Build.0 = Release|Any CPU
		{81C9412A-5F3B-42E8-9F79-6C00D5F6AA30}.Debug|Any CPU.ActiveCfg = Debug|Any CPU
		{81C9412A-5F3B-42E8-9F79-6C00D5F6AA30}.Debug|Any CPU.Build.0 = Debug|Any CPU
		{81C9412A-5F3B-42E8-9F79-6C00D5F6AA30}.Release|Any CPU.ActiveCfg = Release|Any CPU
		{81C9412A-5F3B-42E8-9F79-6C00D5F6AA30}.Release|Any CPU.Build.0 = Release|Any CPU
		{B9A377DE-AA0D-4986-B2DC-B18069B6F0A4}.Debug|Any CPU.ActiveCfg = Debug|Any CPU
		{B9A377DE-AA0D-4986-B2DC-B18069B6F0A4}.Debug|Any CPU.Build.0 = Debug|Any CPU
		{B9A377DE-AA0D-4986-B2DC-B18069B6F0A4}.Release|Any CPU.ActiveCfg = Release|Any CPU
		{B9A377DE-AA0D-4986-B2DC-B18069B6F0A4}.Release|Any CPU.Build.0 = Release|Any CPU
		{DB997834-0B8E-4D82-B386-52B5F763596C}.Debug|Any CPU.ActiveCfg = Debug|Any CPU
		{DB997834-0B8E-4D82-B386-52B5F763596C}.Debug|Any CPU.Build.0 = Debug|Any CPU
		{DB997834-0B8E-4D82-B386-52B5F763596C}.Release|Any CPU.ActiveCfg = Release|Any CPU
		{DB997834-0B8E-4D82-B386-52B5F763596C}.Release|Any CPU.Build.0 = Release|Any CPU
		{9ECC788D-3C61-4815-93B9-F71EF656FE19}.Debug|Any CPU.ActiveCfg = Debug|Any CPU
		{9ECC788D-3C61-4815-93B9-F71EF656FE19}.Debug|Any CPU.Build.0 = Debug|Any CPU
		{9ECC788D-3C61-4815-93B9-F71EF656FE19}.Release|Any CPU.ActiveCfg = Release|Any CPU
		{9ECC788D-3C61-4815-93B9-F71EF656FE19}.Release|Any CPU.Build.0 = Release|Any CPU
	EndGlobalSection
	GlobalSection(SolutionProperties) = preSolution
		HideSolutionNode = FALSE
	EndGlobalSection
	GlobalSection(ExtensibilityGlobals) = postSolution
		SolutionGuid = {7DA7AD71-DB07-4F9E-B43E-502B43A2E141}
	EndGlobalSection
EndGlobal
